// !$*UTF8*$!
{
	archiveVersion = 1;
	classes = {
	};
	objectVersion = 56;
	objects = {

/* Begin PBXBuildFile section */
		EC0BEC4B29CF62220064806B /* HomeViewRow.swift in Sources */ = {isa = PBXBuildFile; fileRef = EC0BEC4A29CF62220064806B /* HomeViewRow.swift */; };
		EC0F15A229D0550A00CD5345 /* ContentView.swift in Sources */ = {isa = PBXBuildFile; fileRef = EC0F15A129D0550A00CD5345 /* ContentView.swift */; };
		EC0F15A429D05C2C00CD5345 /* ContentViewRow.swift in Sources */ = {isa = PBXBuildFile; fileRef = EC0F15A329D05C2C00CD5345 /* ContentViewRow.swift */; };
		EC10CE9129D4C635000B00B2 /* RectangleCard.swift in Sources */ = {isa = PBXBuildFile; fileRef = EC10CE9029D4C635000B00B2 /* RectangleCard.swift */; };
		EC939D4429D1CEAB00BB66D9 /* ContentDetailView.swift in Sources */ = {isa = PBXBuildFile; fileRef = EC939D4329D1CEAB00BB66D9 /* ContentDetailView.swift */; };
		EC939D4729D1D15C00BB66D9 /* AVKit.framework in Frameworks */ = {isa = PBXBuildFile; fileRef = EC939D4629D1D15C00BB66D9 /* AVKit.framework */; };
		EC939D4929D1D2F900BB66D9 /* Constants.swift in Sources */ = {isa = PBXBuildFile; fileRef = EC939D4829D1D2F900BB66D9 /* Constants.swift */; };
		EC9E3F2429D36735008E5B83 /* CodeTextView.swift in Sources */ = {isa = PBXBuildFile; fileRef = EC9E3F2329D36735008E5B83 /* CodeTextView.swift */; };
		ECB2082429CDB20100EA779A /* LearningApp.swift in Sources */ = {isa = PBXBuildFile; fileRef = ECB2082329CDB20100EA779A /* LearningApp.swift */; };
		ECB2082629CDB20100EA779A /* HomeView.swift in Sources */ = {isa = PBXBuildFile; fileRef = ECB2082529CDB20100EA779A /* HomeView.swift */; };
		ECB2082829CDB20200EA779A /* Assets.xcassets in Resources */ = {isa = PBXBuildFile; fileRef = ECB2082729CDB20200EA779A /* Assets.xcassets */; };
		ECB2082B29CDB20200EA779A /* Preview Assets.xcassets in Resources */ = {isa = PBXBuildFile; fileRef = ECB2082A29CDB20200EA779A /* Preview Assets.xcassets */; };
		ECB2083729CDB29F00EA779A /* ContentModel.swift in Sources */ = {isa = PBXBuildFile; fileRef = ECB2083629CDB29F00EA779A /* ContentModel.swift */; };
		ECB2083A29CDC1AA00EA779A /* data.json in Resources */ = {isa = PBXBuildFile; fileRef = ECB2083829CDC1AA00EA779A /* data.json */; };
		ECB2083B29CDC1AA00EA779A /* style.html in Resources */ = {isa = PBXBuildFile; fileRef = ECB2083929CDC1AA00EA779A /* style.html */; };
		ECB2083D29CDCFEC00EA779A /* Models.swift in Sources */ = {isa = PBXBuildFile; fileRef = ECB2083C29CDCFEC00EA779A /* Models.swift */; };
/* End PBXBuildFile section */

/* Begin PBXFileReference section */
		EC0BEC4A29CF62220064806B /* HomeViewRow.swift */ = {isa = PBXFileReference; lastKnownFileType = sourcecode.swift; path = HomeViewRow.swift; sourceTree = "<group>"; };
		EC0F15A129D0550A00CD5345 /* ContentView.swift */ = {isa = PBXFileReference; lastKnownFileType = sourcecode.swift; path = ContentView.swift; sourceTree = "<group>"; };
		EC0F15A329D05C2C00CD5345 /* ContentViewRow.swift */ = {isa = PBXFileReference; lastKnownFileType = sourcecode.swift; path = ContentViewRow.swift; sourceTree = "<group>"; };
		EC10CE9029D4C635000B00B2 /* RectangleCard.swift */ = {isa = PBXFileReference; lastKnownFileType = sourcecode.swift; path = RectangleCard.swift; sourceTree = "<group>"; };
		EC939D4329D1CEAB00BB66D9 /* ContentDetailView.swift */ = {isa = PBXFileReference; lastKnownFileType = sourcecode.swift; path = ContentDetailView.swift; sourceTree = "<group>"; };
		EC939D4629D1D15C00BB66D9 /* AVKit.framework */ = {isa = PBXFileReference; lastKnownFileType = wrapper.framework; name = AVKit.framework; path = System/Library/Frameworks/AVKit.framework; sourceTree = SDKROOT; };
		EC939D4829D1D2F900BB66D9 /* Constants.swift */ = {isa = PBXFileReference; lastKnownFileType = sourcecode.swift; path = Constants.swift; sourceTree = "<group>"; };
		EC9E3F2329D36735008E5B83 /* CodeTextView.swift */ = {isa = PBXFileReference; lastKnownFileType = sourcecode.swift; path = CodeTextView.swift; sourceTree = "<group>"; };
		ECB2082029CDB20100EA779A /* LearningApp.app */ = {isa = PBXFileReference; explicitFileType = wrapper.application; includeInIndex = 0; path = LearningApp.app; sourceTree = BUILT_PRODUCTS_DIR; };
		ECB2082329CDB20100EA779A /* LearningApp.swift */ = {isa = PBXFileReference; lastKnownFileType = sourcecode.swift; path = LearningApp.swift; sourceTree = "<group>"; };
		ECB2082529CDB20100EA779A /* HomeView.swift */ = {isa = PBXFileReference; lastKnownFileType = sourcecode.swift; path = HomeView.swift; sourceTree = "<group>"; };
		ECB2082729CDB20200EA779A /* Assets.xcassets */ = {isa = PBXFileReference; lastKnownFileType = folder.assetcatalog; path = Assets.xcassets; sourceTree = "<group>"; };
		ECB2082A29CDB20200EA779A /* Preview Assets.xcassets */ = {isa = PBXFileReference; lastKnownFileType = folder.assetcatalog; path = "Preview Assets.xcassets"; sourceTree = "<group>"; };
		ECB2083629CDB29F00EA779A /* ContentModel.swift */ = {isa = PBXFileReference; lastKnownFileType = sourcecode.swift; path = ContentModel.swift; sourceTree = "<group>"; };
		ECB2083829CDC1AA00EA779A /* data.json */ = {isa = PBXFileReference; fileEncoding = 4; lastKnownFileType = text.json; path = data.json; sourceTree = "<group>"; };
		ECB2083929CDC1AA00EA779A /* style.html */ = {isa = PBXFileReference; fileEncoding = 4; lastKnownFileType = text.html; path = style.html; sourceTree = "<group>"; };
		ECB2083C29CDCFEC00EA779A /* Models.swift */ = {isa = PBXFileReference; lastKnownFileType = sourcecode.swift; path = Models.swift; sourceTree = "<group>"; };
/* End PBXFileReference section */

/* Begin PBXFrameworksBuildPhase section */
		ECB2081D29CDB20100EA779A /* Frameworks */ = {
			isa = PBXFrameworksBuildPhase;
			buildActionMask = 2147483647;
			files = (
				EC939D4729D1D15C00BB66D9 /* AVKit.framework in Frameworks */,
			);
			runOnlyForDeploymentPostprocessing = 0;
		};
/* End PBXFrameworksBuildPhase section */

/* Begin PBXGroup section */
		EC939D4529D1D15C00BB66D9 /* Frameworks */ = {
			isa = PBXGroup;
			children = (
				EC939D4629D1D15C00BB66D9 /* AVKit.framework */,
			);
			name = Frameworks;
			sourceTree = "<group>";
		};
		ECB2081729CDB20100EA779A = {
			isa = PBXGroup;
			children = (
				ECB2082229CDB20100EA779A /* LearningApp */,
				ECB2082129CDB20100EA779A /* Products */,
				EC939D4529D1D15C00BB66D9 /* Frameworks */,
			);
			sourceTree = "<group>";
		};
		ECB2082129CDB20100EA779A /* Products */ = {
			isa = PBXGroup;
			children = (
				ECB2082029CDB20100EA779A /* LearningApp.app */,
			);
			name = Products;
			sourceTree = "<group>";
		};
		ECB2082229CDB20100EA779A /* LearningApp */ = {
			isa = PBXGroup;
			children = (
				ECB2083329CDB25D00EA779A /* Models */,
				ECB2083129CDB25100EA779A /* Views */,
				ECB2083229CDB25700EA779A /* ViewModels */,
				ECB2083429CDB26200EA779A /* Resources */,
				ECB2083529CDB26B00EA779A /* Helpers */,
				ECB2082329CDB20100EA779A /* LearningApp.swift */,
				ECB2082729CDB20200EA779A /* Assets.xcassets */,
				ECB2082929CDB20200EA779A /* Preview Content */,
			);
			path = LearningApp;
			sourceTree = "<group>";
		};
		ECB2082929CDB20200EA779A /* Preview Content */ = {
			isa = PBXGroup;
			children = (
				ECB2082A29CDB20200EA779A /* Preview Assets.xcassets */,
			);
			path = "Preview Content";
			sourceTree = "<group>";
		};
		ECB2083129CDB25100EA779A /* Views */ = {
			isa = PBXGroup;
			children = (
				ECB2082529CDB20100EA779A /* HomeView.swift */,
				EC0BEC4A29CF62220064806B /* HomeViewRow.swift */,
				EC0F15A329D05C2C00CD5345 /* ContentViewRow.swift */,
				EC0F15A129D0550A00CD5345 /* ContentView.swift */,
				EC939D4329D1CEAB00BB66D9 /* ContentDetailView.swift */,
				EC9E3F2329D36735008E5B83 /* CodeTextView.swift */,
				EC10CE9029D4C635000B00B2 /* RectangleCard.swift */,
			);
			path = Views;
			sourceTree = "<group>";
		};
		ECB2083229CDB25700EA779A /* ViewModels */ = {
			isa = PBXGroup;
			children = (
				ECB2083629CDB29F00EA779A /* ContentModel.swift */,
			);
			path = ViewModels;
			sourceTree = "<group>";
		};
		ECB2083329CDB25D00EA779A /* Models */ = {
			isa = PBXGroup;
			children = (
				ECB2083C29CDCFEC00EA779A /* Models.swift */,
			);
			path = Models;
			sourceTree = "<group>";
		};
		ECB2083429CDB26200EA779A /* Resources */ = {
			isa = PBXGroup;
			children = (
				ECB2083829CDC1AA00EA779A /* data.json */,
				ECB2083929CDC1AA00EA779A /* style.html */,
				EC939D4829D1D2F900BB66D9 /* Constants.swift */,
			);
			path = Resources;
			sourceTree = "<group>";
		};
		ECB2083529CDB26B00EA779A /* Helpers */ = {
			isa = PBXGroup;
			children = (
			);
			path = Helpers;
			sourceTree = "<group>";
		};
/* End PBXGroup section */

/* Begin PBXNativeTarget section */
		ECB2081F29CDB20100EA779A /* LearningApp */ = {
			isa = PBXNativeTarget;
			buildConfigurationList = ECB2082E29CDB20200EA779A /* Build configuration list for PBXNativeTarget "LearningApp" */;
			buildPhases = (
				ECB2081C29CDB20100EA779A /* Sources */,
				ECB2081D29CDB20100EA779A /* Frameworks */,
				ECB2081E29CDB20100EA779A /* Resources */,
			);
			buildRules = (
			);
			dependencies = (
			);
			name = LearningApp;
			productName = LearningApp;
			productReference = ECB2082029CDB20100EA779A /* LearningApp.app */;
			productType = "com.apple.product-type.application";
		};
/* End PBXNativeTarget section */

/* Begin PBXProject section */
		ECB2081829CDB20100EA779A /* Project object */ = {
			isa = PBXProject;
			attributes = {
				BuildIndependentTargetsInParallel = 1;
				LastSwiftUpdateCheck = 1410;
				LastUpgradeCheck = 1410;
				TargetAttributes = {
					ECB2081F29CDB20100EA779A = {
						CreatedOnToolsVersion = 14.1;
					};
				};
			};
			buildConfigurationList = ECB2081B29CDB20100EA779A /* Build configuration list for PBXProject "LearningApp" */;
			compatibilityVersion = "Xcode 14.0";
			developmentRegion = en;
			hasScannedForEncodings = 0;
			knownRegions = (
				en,
				Base,
			);
			mainGroup = ECB2081729CDB20100EA779A;
			productRefGroup = ECB2082129CDB20100EA779A /* Products */;
			projectDirPath = "";
			projectRoot = "";
			targets = (
				ECB2081F29CDB20100EA779A /* LearningApp */,
			);
		};
/* End PBXProject section */

/* Begin PBXResourcesBuildPhase section */
		ECB2081E29CDB20100EA779A /* Resources */ = {
			isa = PBXResourcesBuildPhase;
			buildActionMask = 2147483647;
			files = (
				ECB2082B29CDB20200EA779A /* Preview Assets.xcassets in Resources */,
				ECB2083A29CDC1AA00EA779A /* data.json in Resources */,
				ECB2083B29CDC1AA00EA779A /* style.html in Resources */,
				ECB2082829CDB20200EA779A /* Assets.xcassets in Resources */,
			);
			runOnlyForDeploymentPostprocessing = 0;
		};
/* End PBXResourcesBuildPhase section */

/* Begin PBXSourcesBuildPhase section */
		ECB2081C29CDB20100EA779A /* Sources */ = {
			isa = PBXSourcesBuildPhase;
			buildActionMask = 2147483647;
			files = (
				ECB2082629CDB20100EA779A /* HomeView.swift in Sources */,
				EC0BEC4B29CF62220064806B /* HomeViewRow.swift in Sources */,
				EC0F15A229D0550A00CD5345 /* ContentView.swift in Sources */,
				EC939D4429D1CEAB00BB66D9 /* ContentDetailView.swift in Sources */,
				ECB2082429CDB20100EA779A /* LearningApp.swift in Sources */,
				EC0F15A429D05C2C00CD5345 /* ContentViewRow.swift in Sources */,
				EC9E3F2429D36735008E5B83 /* CodeTextView.swift in Sources */,
				ECB2083729CDB29F00EA779A /* ContentModel.swift in Sources */,
				ECB2083D29CDCFEC00EA779A /* Models.swift in Sources */,
				EC10CE9129D4C635000B00B2 /* RectangleCard.swift in Sources */,
				EC939D4929D1D2F900BB66D9 /* Constants.swift in Sources */,
			);
			runOnlyForDeploymentPostprocessing = 0;
		};
/* End PBXSourcesBuildPhase section */

/* Begin XCBuildConfiguration section */
		ECB2082C29CDB20200EA779A /* Debug */ = {
			isa = XCBuildConfiguration;
			buildSettings = {
				ALWAYS_SEARCH_USER_PATHS = NO;
				CLANG_ANALYZER_NONNULL = YES;
				CLANG_ANALYZER_NUMBER_OBJECT_CONVERSION = YES_AGGRESSIVE;
				CLANG_CXX_LANGUAGE_STANDARD = "gnu++20";
				CLANG_ENABLE_MODULES = YES;
				CLANG_ENABLE_OBJC_ARC = YES;
				CLANG_ENABLE_OBJC_WEAK = YES;
				CLANG_WARN_BLOCK_CAPTURE_AUTORELEASING = YES;
				CLANG_WARN_BOOL_CONVERSION = YES;
				CLANG_WARN_COMMA = YES;
				CLANG_WARN_CONSTANT_CONVERSION = YES;
				CLANG_WARN_DEPRECATED_OBJC_IMPLEMENTATIONS = YES;
				CLANG_WARN_DIRECT_OBJC_ISA_USAGE = YES_ERROR;
				CLANG_WARN_DOCUMENTATION_COMMENTS = YES;
				CLANG_WARN_EMPTY_BODY = YES;
				CLANG_WARN_ENUM_CONVERSION = YES;
				CLANG_WARN_INFINITE_RECURSION = YES;
				CLANG_WARN_INT_CONVERSION = YES;
				CLANG_WARN_NON_LITERAL_NULL_CONVERSION = YES;
				CLANG_WARN_OBJC_IMPLICIT_RETAIN_SELF = YES;
				CLANG_WARN_OBJC_LITERAL_CONVERSION = YES;
				CLANG_WARN_OBJC_ROOT_CLASS = YES_ERROR;
				CLANG_WARN_QUOTED_INCLUDE_IN_FRAMEWORK_HEADER = YES;
				CLANG_WARN_RANGE_LOOP_ANALYSIS = YES;
				CLANG_WARN_STRICT_PROTOTYPES = YES;
				CLANG_WARN_SUSPICIOUS_MOVE = YES;
				CLANG_WARN_UNGUARDED_AVAILABILITY = YES_AGGRESSIVE;
				CLANG_WARN_UNREACHABLE_CODE = YES;
				CLANG_WARN__DUPLICATE_METHOD_MATCH = YES;
				COPY_PHASE_STRIP = NO;
				DEBUG_INFORMATION_FORMAT = dwarf;
				ENABLE_STRICT_OBJC_MSGSEND = YES;
				ENABLE_TESTABILITY = YES;
				GCC_C_LANGUAGE_STANDARD = gnu11;
				GCC_DYNAMIC_NO_PIC = NO;
				GCC_NO_COMMON_BLOCKS = YES;
				GCC_OPTIMIZATION_LEVEL = 0;
				GCC_PREPROCESSOR_DEFINITIONS = (
					"DEBUG=1",
					"$(inherited)",
				);
				GCC_WARN_64_TO_32_BIT_CONVERSION = YES;
				GCC_WARN_ABOUT_RETURN_TYPE = YES_ERROR;
				GCC_WARN_UNDECLARED_SELECTOR = YES;
				GCC_WARN_UNINITIALIZED_AUTOS = YES_AGGRESSIVE;
				GCC_WARN_UNUSED_FUNCTION = YES;
				GCC_WARN_UNUSED_VARIABLE = YES;
				IPHONEOS_DEPLOYMENT_TARGET = 16.1;
				MTL_ENABLE_DEBUG_INFO = INCLUDE_SOURCE;
				MTL_FAST_MATH = YES;
				ONLY_ACTIVE_ARCH = YES;
				SDKROOT = iphoneos;
				SWIFT_ACTIVE_COMPILATION_CONDITIONS = DEBUG;
				SWIFT_OPTIMIZATION_LEVEL = "-Onone";
			};
			name = Debug;
		};
		ECB2082D29CDB20200EA779A /* Release */ = {
			isa = XCBuildConfiguration;
			buildSettings = {
				ALWAYS_SEARCH_USER_PATHS = NO;
				CLANG_ANALYZER_NONNULL = YES;
				CLANG_ANALYZER_NUMBER_OBJECT_CONVERSION = YES_AGGRESSIVE;
				CLANG_CXX_LANGUAGE_STANDARD = "gnu++20";
				CLANG_ENABLE_MODULES = YES;
				CLANG_ENABLE_OBJC_ARC = YES;
				CLANG_ENABLE_OBJC_WEAK = YES;
				CLANG_WARN_BLOCK_CAPTURE_AUTORELEASING = YES;
				CLANG_WARN_BOOL_CONVERSION = YES;
				CLANG_WARN_COMMA = YES;
				CLANG_WARN_CONSTANT_CONVERSION = YES;
				CLANG_WARN_DEPRECATED_OBJC_IMPLEMENTATIONS = YES;
				CLANG_WARN_DIRECT_OBJC_ISA_USAGE = YES_ERROR;
				CLANG_WARN_DOCUMENTATION_COMMENTS = YES;
				CLANG_WARN_EMPTY_BODY = YES;
				CLANG_WARN_ENUM_CONVERSION = YES;
				CLANG_WARN_INFINITE_RECURSION = YES;
				CLANG_WARN_INT_CONVERSION = YES;
				CLANG_WARN_NON_LITERAL_NULL_CONVERSION = YES;
				CLANG_WARN_OBJC_IMPLICIT_RETAIN_SELF = YES;
				CLANG_WARN_OBJC_LITERAL_CONVERSION = YES;
				CLANG_WARN_OBJC_ROOT_CLASS = YES_ERROR;
				CLANG_WARN_QUOTED_INCLUDE_IN_FRAMEWORK_HEADER = YES;
				CLANG_WARN_RANGE_LOOP_ANALYSIS = YES;
				CLANG_WARN_STRICT_PROTOTYPES = YES;
				CLANG_WARN_SUSPICIOUS_MOVE = YES;
				CLANG_WARN_UNGUARDED_AVAILABILITY = YES_AGGRESSIVE;
				CLANG_WARN_UNREACHABLE_CODE = YES;
				CLANG_WARN__DUPLICATE_METHOD_MATCH = YES;
				COPY_PHASE_STRIP = NO;
				DEBUG_INFORMATION_FORMAT = "dwarf-with-dsym";
				ENABLE_NS_ASSERTIONS = NO;
				ENABLE_STRICT_OBJC_MSGSEND = YES;
				GCC_C_LANGUAGE_STANDARD = gnu11;
				GCC_NO_COMMON_BLOCKS = YES;
				GCC_WARN_64_TO_32_BIT_CONVERSION = YES;
				GCC_WARN_ABOUT_RETURN_TYPE = YES_ERROR;
				GCC_WARN_UNDECLARED_SELECTOR = YES;
				GCC_WARN_UNINITIALIZED_AUTOS = YES_AGGRESSIVE;
				GCC_WARN_UNUSED_FUNCTION = YES;
				GCC_WARN_UNUSED_VARIABLE = YES;
				IPHONEOS_DEPLOYMENT_TARGET = 16.1;
				MTL_ENABLE_DEBUG_INFO = NO;
				MTL_FAST_MATH = YES;
				SDKROOT = iphoneos;
				SWIFT_COMPILATION_MODE = wholemodule;
				SWIFT_OPTIMIZATION_LEVEL = "-O";
				VALIDATE_PRODUCT = YES;
			};
			name = Release;
		};
		ECB2082F29CDB20200EA779A /* Debug */ = {
			isa = XCBuildConfiguration;
			buildSettings = {
				ASSETCATALOG_COMPILER_APPICON_NAME = AppIcon;
				ASSETCATALOG_COMPILER_GLOBAL_ACCENT_COLOR_NAME = AccentColor;
				CODE_SIGN_IDENTITY = "Apple Development";
				CODE_SIGN_STYLE = Automatic;
				CURRENT_PROJECT_VERSION = 1;
				DEVELOPMENT_ASSET_PATHS = "\"LearningApp/Preview Content\"";
				DEVELOPMENT_TEAM = 3JC9C32R6U;
				ENABLE_PREVIEWS = YES;
				GENERATE_INFOPLIST_FILE = YES;
				INFOPLIST_KEY_UIApplicationSceneManifest_Generation = YES;
				INFOPLIST_KEY_UIApplicationSupportsIndirectInputEvents = YES;
				INFOPLIST_KEY_UILaunchScreen_Generation = YES;
				INFOPLIST_KEY_UISupportedInterfaceOrientations_iPad = "UIInterfaceOrientationPortrait UIInterfaceOrientationPortraitUpsideDown UIInterfaceOrientationLandscapeLeft UIInterfaceOrientationLandscapeRight";
				INFOPLIST_KEY_UISupportedInterfaceOrientations_iPhone = "UIInterfaceOrientationPortrait UIInterfaceOrientationLandscapeLeft UIInterfaceOrientationLandscapeRight";
				IPHONEOS_DEPLOYMENT_TARGET = 14.0;
				LD_RUNPATH_SEARCH_PATHS = (
					"$(inherited)",
					"@executable_path/Frameworks",
				);
				MARKETING_VERSION = 1.0;
				PRODUCT_BUNDLE_IDENTIFIER = com.alexandrecisse.LearningApp;
				PRODUCT_NAME = "$(TARGET_NAME)";
				PROVISIONING_PROFILE_SPECIFIER = "";
				SWIFT_EMIT_LOC_STRINGS = YES;
				SWIFT_VERSION = 5.0;
				TARGETED_DEVICE_FAMILY = "1,2";
			};
			name = Debug;
		};
		ECB2083029CDB20200EA779A /* Release */ = {
			isa = XCBuildConfiguration;
			buildSettings = {
				ASSETCATALOG_COMPILER_APPICON_NAME = AppIcon;
				ASSETCATALOG_COMPILER_GLOBAL_ACCENT_COLOR_NAME = AccentColor;
				CODE_SIGN_IDENTITY = "Apple Development";
				CODE_SIGN_STYLE = Automatic;
				CURRENT_PROJECT_VERSION = 1;
				DEVELOPMENT_ASSET_PATHS = "\"LearningApp/Preview Content\"";
				DEVELOPMENT_TEAM = 3JC9C32R6U;
				ENABLE_PREVIEWS = YES;
				GENERATE_INFOPLIST_FILE = YES;
				INFOPLIST_KEY_UIApplicationSceneManifest_Generation = YES;
				INFOPLIST_KEY_UIApplicationSupportsIndirectInputEvents = YES;
				INFOPLIST_KEY_UILaunchScreen_Generation = YES;
				INFOPLIST_KEY_UISupportedInterfaceOrientations_iPad = "UIInterfaceOrientationPortrait UIInterfaceOrientationPortraitUpsideDown UIInterfaceOrientationLandscapeLeft UIInterfaceOrientationLandscapeRight";
				INFOPLIST_KEY_UISupportedInterfaceOrientations_iPhone = "UIInterfaceOrientationPortrait UIInterfaceOrientationLandscapeLeft UIInterfaceOrientationLandscapeRight";
				IPHONEOS_DEPLOYMENT_TARGET = 14.0;
				LD_RUNPATH_SEARCH_PATHS = (
					"$(inherited)",
					"@executable_path/Frameworks",
				);
				MARKETING_VERSION = 1.0;
				PRODUCT_BUNDLE_IDENTIFIER = com.alexandrecisse.LearningApp;
				PRODUCT_NAME = "$(TARGET_NAME)";
				PROVISIONING_PROFILE_SPECIFIER = "";
				SWIFT_EMIT_LOC_STRINGS = YES;
				SWIFT_VERSION = 5.0;
				TARGETED_DEVICE_FAMILY = "1,2";
			};
			name = Release;
		};
/* End XCBuildConfiguration section */

/* Begin XCConfigurationList section */
		ECB2081B29CDB20100EA779A /* Build configuration list for PBXProject "LearningApp" */ = {
			isa = XCConfigurationList;
			buildConfigurations = (
				ECB2082C29CDB20200EA779A /* Debug */,
				ECB2082D29CDB20200EA779A /* Release */,
			);
			defaultConfigurationIsVisible = 0;
			defaultConfigurationName = Release;
		};
		ECB2082E29CDB20200EA779A /* Build configuration list for PBXNativeTarget "LearningApp" */ = {
			isa = XCConfigurationList;
			buildConfigurations = (
				ECB2082F29CDB20200EA779A /* Debug */,
				ECB2083029CDB20200EA779A /* Release */,
			);
			defaultConfigurationIsVisible = 0;
			defaultConfigurationName = Release;
		};
/* End XCConfigurationList section */
	};
	rootObject = ECB2081829CDB20100EA779A /* Project object */;
}
